github.com/ajstarks/svgo v0.0.0-20180226025133-644b8db467af/go.mod h1:K08gAheRH3/J6wwsYMMT4xOr94bZjxIelGM0+d/wbFw=
github.com/apache/arrow/go/arrow v0.0.0-20190716210558-5f564424c71c h1:iHUHzx3S1TU5xt+D7vLb0PAk3e+RfayF9IhR6+hyO/k=
github.com/apache/arrow/go/arrow v0.0.0-20190716210558-5f564424c71c/go.mod h1:VTxUBvSJ3s3eHAg65PNgrsn5BtqCRPdmyXh6rAfdxN0=
github.com/apache/arrow/go/arrow v0.0.0-20191003163733-a4738cf4a93c h1:nnfrzZF1Oc/lXDA44E9Pu3i1NRXNP/volFYVfChDzFw=
github.com/apache/arrow/go/arrow v0.0.0-20191003163733-a4738cf4a93c/go.mod h1:VTxUBvSJ3s3eHAg65PNgrsn5BtqCRPdmyXh6rAfdxN0=
github.com/apache/arrow/go/arrow v0.0.0-20191003174609-b5ccbd284166 h1:NJMuCUxsI2/OVOIhBw+S6LSe1lNdvQw9+wbH7dwWhL8=
github.com/apache/arrow/go/arrow v0.0.0-20191003174609-b5ccbd284166/go.mod h1:VTxUBvSJ3s3eHAg65PNgrsn5BtqCRPdmyXh6rAfdxN0=
github.com/apache/arrow/go/arrow v0.0.0-20191003185745-cc05a89e8448 h1:GDMzLiXVOcjcffEB8ih+ZnJEa05wFCBON4ymKC3yLHI=
github.com/apache/arrow/go/arrow v0.0.0-20191003185745-cc05a89e8448/go.mod h1:VTxUBvSJ3s3eHAg65PNgrsn5BtqCRPdmyXh6rAfdxN0=
github.com/apache/arrow/go/arrow v0.0.0-20191004105443-1e2cf1f95df0 h1:ZFpZ+XZ0EncAOQaxkSZ8G2RQZI3M1ofIc2fuq/NJciY=
github.com/apache/arrow/go/arrow v0.0.0-20191004105443-1e2cf1f95df0/go.mod h1:VTxUBvSJ3s3eHAg65PNgrsn5BtqCRPdmyXh6rAfdxN0=
github.com/davecgh/go-spew v1.1.0 h1:ZDRjVQ15GmhC3fiQ8ni8+OwkZQO4DARzQgrnXU1Liz8=
github.com/davecgh/go-spew v1.1.0/go.mod h1:J7Y8YcW2NihsgmVo/mv3lAwl/skON4iLHjSsI+c5H38=
github.com/davecgh/go-spew v1.1.1 h1:vj9j/u1bqnvCEfJOwUhtlOARqs3+rkHYY13jYWTU97c=
github.com/davecgh/go-spew v1.1.1/go.mod h1:J7Y8YcW2NihsgmVo/mv3lAwl/skON4iLHjSsI+c5H38=
github.com/fogleman/gg v1.2.1-0.20190220221249-0403632d5b90/go.mod h1:R/bRT+9gY/C5z7JzPU0zXsXHKM4/ayA+zqcVNZzPa1k=
github.com/golang/freetype v0.0.0-20170609003504-e2365dfdc4a0/go.mod h1:E/TSTwGwJL78qG/PmXZO1EjYhfJinVAhrmmHX6Z8B9k=
github.com/golang/glog v0.0.0-20160126235308-23def4e6c14b h1:VKtxabqXZkF25pY9ekfRL6a582T4P37/31XEstQ5p58=
github.com/golang/glog v0.0.0-20160126235308-23def4e6c14b/go.mod h1:SBH7ygxi8pfUlaOkMMuAQtPIUF8ecWP5IEl/CR7VP2Q=
github.com/golang/protobuf v0.0.0-20180511221637-927b65914520/go.mod h1:6lQm79b+lXiMfvg/cZm0SGofjICqVBUtrP5yJMmIC1U=
github.com/golang/protobuf v1.2.0 h1:P3YflyNX/ehuJFLhxviNdFxQPkGK5cDcApsge1SqnvM=
github.com/golang/protobuf v1.2.0/go.mod h1:6lQm79b+lXiMfvg/cZm0SGofjICqVBUtrP5yJMmIC1U=
github.com/golang/protobuf v1.3.2 h1:6nsPYzhq5kReh6QImI3k5qWzO4PEbvbIW2cwSfR/6xs=
github.com/golang/protobuf v1.3.2/go.mod h1:6lQm79b+lXiMfvg/cZm0SGofjICqVBUtrP5yJMmIC1U=
github.com/google/flatbuffers v1.11.0 h1:O7CEyB8Cb3/DmtxODGtLHcEvpr81Jm5qLg/hsHnxA2A=
github.com/google/flatbuffers v1.11.0/go.mod h1:1AeVuKshWv4vARoZatz6mlQ0JxURH0Kv5+zNeJKJCa8=
github.com/google/go-cmp v0.3.1 h1:Xye71clBPdm5HgqGwUkwhbynsUJZhDbS20FvLhQ2izg=
github.com/google/go-cmp v0.3.1/go.mod h1:8QqcDgzrUqlUb/G2PQTWiueGozuR1884gddMywk6iLU=
github.com/grafana/grafana v6.1.6+incompatible h1:Eyeg3ifz220cWiu0hLoPjJJmle+nxR63ZEmSDgYDokg=
github.com/grafana/grafana v6.1.6+incompatible/go.mod h1:U8QyUclJHj254BFcuw45p6sg7eeGYX44qn1ShYo5rGE=
github.com/grafana/grafana-plugin-model v0.0.0-20190925141336-5d93412845bc h1:a/RQT8YKBOLp3sqrq2TQZDkTgTfIekUkgsoxNAIOZjI=
github.com/grafana/grafana-plugin-model v0.0.0-20190925141336-5d93412845bc/go.mod h1:61HQj0TcXe65fYyDq8Oqds/+9isXdFyZE38Dw3hTCho=
github.com/grafana/grafana-plugin-sdk-go v0.0.0-20191003130804-a0fbb167b833 h1:WbRubKjupGnPNhmA6d9dqQhORi4pGdY/ePt2w9pOzOU=
github.com/grafana/grafana-plugin-sdk-go v0.0.0-20191003130804-a0fbb167b833/go.mod h1:PGe7Yit+vFwVwEbgqpDbYwWoGFh+gvpncrByH49Iwrw=
github.com/grafana/grafana-plugin-sdk-go v0.0.0-20191003165029-d8189fd246fb h1:Cut+ONuFCFCZ5kYRgrE4CL/lwVlZvm+P7/r20OOKs0g=
github.com/grafana/grafana-plugin-sdk-go v0.0.0-20191003165029-d8189fd246fb/go.mod h1:PGe7Yit+vFwVwEbgqpDbYwWoGFh+gvpncrByH49Iwrw=
github.com/grafana/grafana-plugin-sdk-go v0.0.0-20191003171714-08a3f03849f9 h1:jCh9GSGojv/WHl/Bx/oqsc3h2zHEWlkRWIwsA59ldJA=
github.com/grafana/grafana-plugin-sdk-go v0.0.0-20191003171714-08a3f03849f9/go.mod h1:PGe7Yit+vFwVwEbgqpDbYwWoGFh+gvpncrByH49Iwrw=
github.com/grafana/grafana-plugin-sdk-go v0.0.0-20191003172409-616cf79efeed h1:XNhfkreF2buTYe/UjT8/NuiY/7MXi9SlsOuqqMUQs9k=
github.com/grafana/grafana-plugin-sdk-go v0.0.0-20191003172409-616cf79efeed/go.mod h1:PGe7Yit+vFwVwEbgqpDbYwWoGFh+gvpncrByH49Iwrw=
github.com/grafana/grafana-plugin-sdk-go v0.0.0-20191003175958-3b74d6de15f7 h1:8XDNl6MlssPl0ULnmizyq7SWVc8UHgPZZb9z3YNDAGs=
github.com/grafana/grafana-plugin-sdk-go v0.0.0-20191003175958-3b74d6de15f7/go.mod h1:PGe7Yit+vFwVwEbgqpDbYwWoGFh+gvpncrByH49Iwrw=
github.com/grafana/grafana-plugin-sdk-go v0.0.0-20191003192508-21b7a0e11b0c h1:n8PLZWzEWbWUWjlmGRQH381nK0X+sUQ8ktB/b1eRKdI=
github.com/grafana/grafana-plugin-sdk-go v0.0.0-20191003192508-21b7a0e11b0c/go.mod h1:PGe7Yit+vFwVwEbgqpDbYwWoGFh+gvpncrByH49Iwrw=
github.com/grafana/grafana-plugin-sdk-go v0.0.0-20191003192648-9140dfe2dd94 h1:HGecHmw6Q9xneMeoQtzU4+RMW+2c7CIBx9EY/hCqPJ8=
github.com/grafana/grafana-plugin-sdk-go v0.0.0-20191003192648-9140dfe2dd94/go.mod h1:PGe7Yit+vFwVwEbgqpDbYwWoGFh+gvpncrByH49Iwrw=
github.com/grafana/grafana-plugin-sdk-go v0.0.0-20191004114449-2aa3c1124792 h1:zD9SBbhtzeqQ/3HkzTIC67whACe7k1DkWWCzEw8Zsr4=
github.com/grafana/grafana-plugin-sdk-go v0.0.0-20191004114449-2aa3c1124792/go.mod h1:PGe7Yit+vFwVwEbgqpDbYwWoGFh+gvpncrByH49Iwrw=
github.com/hashicorp/go-hclog v0.0.0-20180402200405-69ff559dc25f h1:t34t/ySFIGsPOLQ/dCcKeCoErlqhXlNLYvPn7mVogzo=
github.com/hashicorp/go-hclog v0.0.0-20180402200405-69ff559dc25f/go.mod h1:9bjs9uLqI8l75knNv3lV1kA55veR+WUPSiKIWcQHudI=
github.com/hashicorp/go-plugin v0.0.0-20180331002553-e8d22c780116 h1:Y4V/yReWjQo/Ngyc0w6C3EKXKincp4YgvXeo8lI4LrI=
github.com/hashicorp/go-plugin v0.0.0-20180331002553-e8d22c780116/go.mod h1:JSqWYsict+jzcj0+xElxyrBQRPNoiWQuddnxArJ7XHQ=
github.com/hashicorp/yamux v0.0.0-20181012175058-2f1d1f20f75d h1:kJCB4vdITiW1eC1vq2e6IsrXKrZit1bv/TDYFGMp4BQ=
github.com/hashicorp/yamux v0.0.0-20181012175058-2f1d1f20f75d/go.mod h1:+NfK9FKeTrX5uv1uIXGdwYDTeHna2qgaIlx54MXqjAM=
github.com/jung-kurt/gofpdf v1.0.3-0.20190309125859-24315acbbda5/go.mod h1:7Id9E/uU8ce6rXgefFLlgrJj/GYY22cpxn+r32jIOes=
github.com/mattetti/filebuffer v1.0.0 h1:ixTvQ0JjBTwWbdpDZ98lLrydo7KRi8xNRIi5RFszsbY=
github.com/mattetti/filebuffer v1.0.0/go.mod h1:X6nyAIge2JGVmuJt2MFCqmHrb/5IHiphfHtot0s5cnI=
github.com/mitchellh/go-testing-interface v0.0.0-20171004221916-a61a99592b77 h1:7GoSOOW2jpsfkntVKaS2rAr1TJqfcxotyaUcuxoZSzg=
github.com/mitchellh/go-testing-interface v0.0.0-20171004221916-a61a99592b77/go.mod h1:kRemZodwjscx+RGhAo8eIhFbs2+BFgRtFPeD/KE+zxI=
github.com/oklog/run v1.0.0 h1:Ru7dDtJNOyC66gQ5dQmaCa0qIsAUFY3sFpK1Xk8igrw=
github.com/oklog/run v1.0.0/go.mod h1:dlhp/R75TPv97u0XWUtDeV/lRKWPKSdTuV0TZvrmrQA=
github.com/pkg/errors v0.8.1 h1:iURUrRGxPUNPdy5/HRSm+Yj6okJ6UtLINN0Q9M4+h3I=
github.com/pkg/errors v0.8.1/go.mod h1:bwawxfHBFNV+L2hUp1rHADufV3IMtnDRdf1r5NINEl0=
github.com/pmezard/go-difflib v1.0.0 h1:4DBwDE0NGyQoBHbLQYPwSUPoCMWR5BEzIk/f1lZbAQM=
github.com/pmezard/go-difflib v1.0.0/go.mod h1:iKH77koFhYxTK1pcRnkKkqfTogsbg7gZNVY4sRDYZ/4=
github.com/stretchr/objx v0.1.0/go.mod h1:HFkY916IF+rwdDfMAkV7OtwuqBVzrE8GR6GFx+wExME=
github.com/stretchr/objx v0.2.0/go.mod h1:qt09Ya8vawLte6SNmTgCsAVtYtaKzEcn8ATUoHMkEqE=
github.com/stretchr/testify v1.2.0/go.mod h1:a8OnRcib4nhh0OaRAV+Yts87kKdq0PP7pXfy6kDkUVs=
github.com/stretchr/testify v1.3.0/go.mod h1:M5WIy9Dh21IEIfnGCwXGc5bZfKNJtfHm1UVUgZn+9EI=
github.com/stretchr/testify v1.4.0 h1:2E4SXV/wtOkTonXsotYi4li6zVWxYlZuYNCXe9XRJyk=
github.com/stretchr/testify v1.4.0/go.mod h1:j7eGeouHqKxXV5pUuKE4zz7dFj8WfuZ+81PSLYec5m4=
golang.org/x/crypto v0.0.0-20190308221718-c2843e01d9a2/go.mod h1:djNgcEr1/C05ACkg1iLfiJU5Ep61QUkGW8qpdssI0+w=
golang.org/x/exp v0.0.0-20180321215751-8460e604b9de/go.mod h1:CJ0aWSM057203Lf6IL+f9T1iT9GByDxfZKAQTCR3kQA=
golang.org/x/exp v0.0.0-20180807140117-3d87b88a115f/go.mod h1:CJ0aWSM057203Lf6IL+f9T1iT9GByDxfZKAQTCR3kQA=
golang.org/x/exp v0.0.0-20190125153040-c74c464bbbf2 h1:y102fOLFqhV41b+4GPiJoa0k/x+pJcEi2/HB1Y5T6fU=
golang.org/x/exp v0.0.0-20190125153040-c74c464bbbf2/go.mod h1:CJ0aWSM057203Lf6IL+f9T1iT9GByDxfZKAQTCR3kQA=
golang.org/x/image v0.0.0-20180708004352-c73c2afc3b81/go.mod h1:ux5Hcp/YLpHSI86hEcLt0YII63i6oz57MZXIpbrjZUs=
golang.org/x/net v0.0.0-20180511174649-2491c5de3490/go.mod h1:mL1N/T3taQHkDXs73rZJwtUhF3w3ftmwwsq0BUmARs4=
golang.org/x/net v0.0.0-20190909003024-a7b16738d86b h1:XfVGCX+0T4WOStkaOsJRllbsiImhB2jgVBGc9L0lPGc=
golang.org/x/net v0.0.0-20190909003024-a7b16738d86b/go.mod h1:z5CRVTTTmAJ677TzLLGU+0bjPO0LkuOLi4/5GtJWs/s=
golang.org/x/sync v0.0.0-20190423024810-112230192c58 h1:8gQV6CLnAEikrhgkHFbMAEhagSSnXWGV915qUMm9mrU=
golang.org/x/sync v0.0.0-20190423024810-112230192c58/go.mod h1:RxMgew5VJxzue5/jJTE5uejpjVlOe/izrB70Jof72aM=
golang.org/x/sys v0.0.0-20190215142949-d0b11bdaac8a/go.mod h1:STP8DvDyc/dI5b8T5hshtkjS+E42TnysNCUPdjciGhY=
golang.org/x/text v0.3.0 h1:g61tztE5qeGQ89tm6NTjjM9VPIm088od1l6aSorWRWg=
golang.org/x/text v0.3.0/go.mod h1:NqM8EUOU14njkJ3fqMW+pc6Ldnwhi/IjpwHt7yyuwOQ=
golang.org/x/tools v0.0.0-20180525024113-a5b4c53f6e8b/go.mod h1:n7NCudcB/nEzxVGmLbDWY5pfWTLqBcC2KZ6jyYvM4mQ=
golang.org/x/tools v0.0.0-20190206041539-40960b6deb8e/go.mod h1:n7NCudcB/nEzxVGmLbDWY5pfWTLqBcC2KZ6jyYvM4mQ=
gonum.org/v1/gonum v0.0.0-20180816165407-929014505bf4/go.mod h1:Y+Yx5eoAFn32cQvJDxZx5Dpnq+c3wtXuadVZAcxbbBo=
gonum.org/v1/gonum v0.0.0-20190923210107-40fa6a493b3d h1:76YcjS4MnGnP2WCvowHdydyWXEXQ/EsZkHjTUpB2ht8=
gonum.org/v1/gonum v0.0.0-20190923210107-40fa6a493b3d/go.mod h1:9mxDZsDKxgMAuccQkewq682L+0eCu4dCN2yonUJTCLU=
gonum.org/v1/netlib v0.0.0-20190313105609-8cb42192e0e0 h1:OE9mWmgKkjJyEmDAAtGMPjXu+YNeGvK9VTSHY6+Qihc=
gonum.org/v1/netlib v0.0.0-20190313105609-8cb42192e0e0/go.mod h1:wa6Ws7BG/ESfp6dHfk7C6KdzKA7wR7u/rKwOGE66zvw=
gonum.org/v1/plot v0.0.0-20190515093506-e2840ee46a6b/go.mod h1:Wt8AAjI+ypCyYX3nZBvf6cAIx93T+c/OS2HFAYskSZc=
google.golang.org/genproto v0.0.0-20180514194645-7bb2a897381c h1:R3jNsirp2C5jVsB8uNG/vYmFEyzB9SLTFUwE0Wsj0B8=
google.golang.org/genproto v0.0.0-20180514194645-7bb2a897381c/go.mod h1:JiN7NxoALGmiZfu7CAH4rXhgtRTLTxftemlI0sWmxmc=
google.golang.org/grpc v1.11.1 h1:vHuLuZan9Cfwy4x2qbWq2i2HE1WR7n/KUZqcqWWkQpk=
google.golang.org/grpc v1.11.1/go.mod h1:yo6s7OP7yaDglbqo1J04qKzAhqBH6lvTonzMVmEdcZw=
gopkg.in/check.v1 v0.0.0-20161208181325-20d25e280405 h1:yhCVgyC4o1eVCa2tZl7eS0r+SDo693bJlVdllGtEeKM=
gopkg.in/check.v1 v0.0.0-20161208181325-20d25e280405/go.mod h1:Co6ibVJAznAaIkqp8huTwlJQCZ016jof/cbN4VW5Yz0=
gopkg.in/check.v1 v1.0.0-20190902080502-41f04d3bba15/go.mod h1:Co6ibVJAznAaIkqp8huTwlJQCZ016jof/cbN4VW5Yz0=
gopkg.in/yaml.v2 v2.2.2 h1:ZCJp+EgiOT7lHqUV2J862kp8Qj64Jo6az82+3Td9dZw=
gopkg.in/yaml.v2 v2.2.2/go.mod h1:hI93XBmqTisBFMUTm0b8Fm+jr3Dg1NNxqwp+5A1VGuI=
gopkg.in/yaml.v2 v2.2.4 h1:/eiJrUcujPVeJ3xlSWaiNi3uSVmDGBK1pDHUHAnao1I=
gopkg.in/yaml.v2 v2.2.4/go.mod h1:hI93XBmqTisBFMUTm0b8Fm+jr3Dg1NNxqwp+5A1VGuI=
rsc.io/pdf v0.1.1/go.mod h1:n8OzWcQ6Sp37PL01nO98y4iUCRdTGarVfzxY20ICaU4=
